
Microsoft Visual Studio Solution File, Format Version 11.00
# Visual Studio 2010
Project("{FAE04EC0-301F-11D3-BF4B-00C04F79EFBC}") = "Assembly-CSharp", "Assembly-CSharp.csproj", "{8264C194-096F-56DD-BD54-201183F31655}"
EndProject
Global
	GlobalSection(SolutionConfigurationPlatforms) = preSolution
		Debug|Any CPU = Debug|Any CPU
		Release|Any CPU = Release|Any CPU
	EndGlobalSection
	GlobalSection(ProjectConfigurationPlatforms) = postSolution
		{8264C194-096F-56DD-BD54-201183F31655}.Debug|Any CPU.ActiveCfg = Debug|Any CPU
		{8264C194-096F-56DD-BD54-201183F31655}.Debug|Any CPU.Build.0 = Debug|Any CPU
		{8264C194-096F-56DD-BD54-201183F31655}.Release|Any CPU.ActiveCfg = Release|Any CPU
		{8264C194-096F-56DD-BD54-201183F31655}.Release|Any CPU.Build.0 = Release|Any CPU
	EndGlobalSection
	GlobalSection(MonoDevelopProperties) = preSolution
		StartupItem = Assembly-CSharp.csproj
		Policies = $0
		$0.TextStylePolicy = $1
		$1.FileWidth = 120
		$1.TabWidth = 4
		$1.IndentWidth = 1
		$1.EolMarker = Unix
		$1.inheritsSet = Mono
		$1.inheritsScope = text/plain
		$1.scope = text/x-csharp
		$0.CSharpFormattingPolicy = $2
		$2.IndentSwitchBody = True
		$2.StatementBraceStyle = NextLineShifted2
		$2.BeforeMethodDeclarationParentheses = False
		$2.BeforeMethodCallParentheses = False
		$2.BeforeConstructorDeclarationParentheses = False
		$2.BeforeDelegateDeclarationParentheses = False
		$2.NewParentheses = False
		$2.inheritsSet = Mono
		$2.inheritsScope = text/x-csharp
		$2.scope = text/x-csharp
		$0.TextStylePolicy = $3
		$3.FileWidth = 120
		$3.TabsToSpaces = False
		$3.EolMarker = Unix
		$3.inheritsSet = VisualStudio
		$3.inheritsScope = text/plain
		$3.scope = text/plain
		$0.TextStylePolicy = $4
		$4.inheritsSet = null
		$4.scope = text/x-shader
	EndGlobalSection
	GlobalSection(SolutionProperties) = preSolution
		HideSolutionNode = FALSE
	EndGlobalSection
EndGlobal
