Microsoft Visual Studio Solution File, Format Version 11.00
# Visual Studio 2008

Project("{789D9FC3-328E-1F9E-5E07-B1287E0BE5BA}") = "rdh", "Assembly-CSharp-vs.csproj", "{20355DBB-420C-F844-ECD5-70F1AE770DDA}"
EndProject
Global
	GlobalSection(SolutionConfigurationPlatforms) = preSolution
		Debug|Any CPU = Debug|Any CPU
		Release|Any CPU = Release|Any CPU
	EndGlobalSection
	GlobalSection(ProjectConfigurationPlatforms) = postSolution
		{20355DBB-420C-F844-ECD5-70F1AE770DDA}.Debug|Any CPU.ActiveCfg = Debug|Any CPU
		{20355DBB-420C-F844-ECD5-70F1AE770DDA}.Debug|Any CPU.Build.0 = Debug|Any CPU
		{20355DBB-420C-F844-ECD5-70F1AE770DDA}.Release|Any CPU.ActiveCfg = Release|Any CPU
		{20355DBB-420C-F844-ECD5-70F1AE770DDA}.Release|Any CPU.Build.0 = Release|Any CPU
	EndGlobalSection
	GlobalSection(SolutionProperties) = preSolution
		HideSolutionNode = FALSE
	EndGlobalSection
						GlobalSection(MonoDevelopProperties) = preSolution
		StartupItem = Assembly-CSharp.csproj
		Policies = $0
		$0.TextStylePolicy = $1
		$1.FileWidth = 120
		$1.TabsToSpaces = False
		$1.EolMarker = Unix
		$1.inheritsSet = VisualStudio
		$1.inheritsScope = text/plain
		$1.scope = text/x-csharp
		$0.CSharpFormattingPolicy = $2
		$2.inheritsSet = Mono
		$2.inheritsScope = text/x-csharp
		$2.scope = text/x-csharp
		$0.TextStylePolicy = $3
		$3.FileWidth = 120
		$3.TabsToSpaces = False
		$3.EolMarker = Unix
		$3.inheritsSet = VisualStudio
		$3.inheritsScope = text/plain
		$3.scope = text/plain
	EndGlobalSection

EndGlobal
